// !$*UTF8*$!
{
	archiveVersion = 1;
	classes = {
	};
	objectVersion = 46;
	objects = {

/* Begin PBXBuildFile section */
		3EF3783919C759D5005B08CE /* AppDelegate.swift in Sources */ = {isa = PBXBuildFile; fileRef = 3EF3783819C759D5005B08CE /* AppDelegate.swift */; };
		3EF3783B19C759D5005B08CE /* ViewController.swift in Sources */ = {isa = PBXBuildFile; fileRef = 3EF3783A19C759D5005B08CE /* ViewController.swift */; };
		3EF3783E19C759D5005B08CE /* Main.storyboard in Resources */ = {isa = PBXBuildFile; fileRef = 3EF3783C19C759D5005B08CE /* Main.storyboard */; };
		3EF3784019C759D5005B08CE /* Images.xcassets in Resources */ = {isa = PBXBuildFile; fileRef = 3EF3783F19C759D5005B08CE /* Images.xcassets */; };
		3EF3784319C759D5005B08CE /* LaunchScreen.xib in Resources */ = {isa = PBXBuildFile; fileRef = 3EF3784119C759D5005B08CE /* LaunchScreen.xib */; };
		3EF3784F19C759D5005B08CE /* PostcardTests.swift in Sources */ = {isa = PBXBuildFile; fileRef = 3EF3784E19C759D5005B08CE /* PostcardTests.swift */; };
		3EF3785919C75F2E005B08CE /* cute-kitten-playing.jpg in Resources */ = {isa = PBXBuildFile; fileRef = 3EF3785819C75F2E005B08CE /* cute-kitten-playing.jpg */; };
		3EF3785B19C76C40005B08CE /* einsteinstamp.jpg in Resources */ = {isa = PBXBuildFile; fileRef = 3EF3785A19C76C40005B08CE /* einsteinstamp.jpg */; };
/* End PBXBuildFile section */

/* Begin PBXContainerItemProxy section */
		3EF3784919C759D5005B08CE /* PBXContainerItemProxy */ = {
			isa = PBXContainerItemProxy;
			containerPortal = 3EF3782B19C759D5005B08CE /* Project object */;
			proxyType = 1;
			remoteGlobalIDString = 3EF3783219C759D5005B08CE;
			remoteInfo = Postcard;
		};
/* End PBXContainerItemProxy section */

/* Begin PBXFileReference section */
		3EF3783319C759D5005B08CE /* Postcard.app */ = {isa = PBXFileReference; explicitFileType = wrapper.application; includeInIndex = 0; path = Postcard.app; sourceTree = BUILT_PRODUCTS_DIR; };
		3EF3783719C759D5005B08CE /* Info.plist */ = {isa = PBXFileReference; lastKnownFileType = text.plist.xml; path = Info.plist; sourceTree = "<group>"; };
		3EF3783819C759D5005B08CE /* AppDelegate.swift */ = {isa = PBXFileReference; lastKnownFileType = sourcecode.swift; path = AppDelegate.swift; sourceTree = "<group>"; };
		3EF3783A19C759D5005B08CE /* ViewController.swift */ = {isa = PBXFileReference; lastKnownFileType = sourcecode.swift; path = ViewController.swift; sourceTree = "<group>"; };
		3EF3783D19C759D5005B08CE /* Base */ = {isa = PBXFileReference; lastKnownFileType = file.storyboard; name = Base; path = Base.lproj/Main.storyboard; sourceTree = "<group>"; };
		3EF3783F19C759D5005B08CE /* Images.xcassets */ = {isa = PBXFileReference; lastKnownFileType = folder.assetcatalog; path = Images.xcassets; sourceTree = "<group>"; };
		3EF3784219C759D5005B08CE /* Base */ = {isa = PBXFileReference; lastKnownFileType = file.xib; name = Base; path = Base.lproj/LaunchScreen.xib; sourceTree = "<group>"; };
		3EF3784819C759D5005B08CE /* PostcardTests.xctest */ = {isa = PBXFileReference; explicitFileType = wrapper.cfbundle; includeInIndex = 0; path = PostcardTests.xctest; sourceTree = BUILT_PRODUCTS_DIR; };
		3EF3784D19C759D5005B08CE /* Info.plist */ = {isa = PBXFileReference; lastKnownFileType = text.plist.xml; path = Info.plist; sourceTree = "<group>"; };
		3EF3784E19C759D5005B08CE /* PostcardTests.swift */ = {isa = PBXFileReference; lastKnownFileType = sourcecode.swift; path = PostcardTests.swift; sourceTree = "<group>"; };
		3EF3785819C75F2E005B08CE /* cute-kitten-playing.jpg */ = {isa = PBXFileReference; lastKnownFileType = image.jpeg; path = "cute-kitten-playing.jpg"; sourceTree = "<group>"; };
		3EF3785A19C76C40005B08CE /* einsteinstamp.jpg */ = {isa = PBXFileReference; lastKnownFileType = image.jpeg; path = einsteinstamp.jpg; sourceTree = "<group>"; };
/* End PBXFileReference section */

/* Begin PBXFrameworksBuildPhase section */
		3EF3783019C759D5005B08CE /* Frameworks */ = {
			isa = PBXFrameworksBuildPhase;
			buildActionMask = 2147483647;
			files = (
			);
			runOnlyForDeploymentPostprocessing = 0;
		};
		3EF3784519C759D5005B08CE /* Frameworks */ = {
			isa = PBXFrameworksBuildPhase;
			buildActionMask = 2147483647;
			files = (
			);
			runOnlyForDeploymentPostprocessing = 0;
		};
/* End PBXFrameworksBuildPhase section */

/* Begin PBXGroup section */
		3EF3782A19C759D5005B08CE = {
			isa = PBXGroup;
			children = (
				3EF3783519C759D5005B08CE /* Postcard */,
				3EF3784B19C759D5005B08CE /* PostcardTests */,
				3EF3783419C759D5005B08CE /* Products */,
			);
			sourceTree = "<group>";
		};
		3EF3783419C759D5005B08CE /* Products */ = {
			isa = PBXGroup;
			children = (
				3EF3783319C759D5005B08CE /* Postcard.app */,
				3EF3784819C759D5005B08CE /* PostcardTests.xctest */,
			);
			name = Products;
			sourceTree = "<group>";
		};
		3EF3783519C759D5005B08CE /* Postcard */ = {
			isa = PBXGroup;
			children = (
				3EF3783819C759D5005B08CE /* AppDelegate.swift */,
				3EF3783A19C759D5005B08CE /* ViewController.swift */,
				3EF3783C19C759D5005B08CE /* Main.storyboard */,
				3EF3783F19C759D5005B08CE /* Images.xcassets */,
				3EF3784119C759D5005B08CE /* LaunchScreen.xib */,
				3EF3783619C759D5005B08CE /* Supporting Files */,
			);
			path = Postcard;
			sourceTree = "<group>";
		};
		3EF3783619C759D5005B08CE /* Supporting Files */ = {
			isa = PBXGroup;
			children = (
				3EF3785A19C76C40005B08CE /* einsteinstamp.jpg */,
				3EF3785819C75F2E005B08CE /* cute-kitten-playing.jpg */,
				3EF3783719C759D5005B08CE /* Info.plist */,
			);
			name = "Supporting Files";
			sourceTree = "<group>";
		};
		3EF3784B19C759D5005B08CE /* PostcardTests */ = {
			isa = PBXGroup;
			children = (
				3EF3784E19C759D5005B08CE /* PostcardTests.swift */,
				3EF3784C19C759D5005B08CE /* Supporting Files */,
			);
			path = PostcardTests;
			sourceTree = "<group>";
		};
		3EF3784C19C759D5005B08CE /* Supporting Files */ = {
			isa = PBXGroup;
			children = (
				3EF3784D19C759D5005B08CE /* Info.plist */,
			);
			name = "Supporting Files";
			sourceTree = "<group>";
		};
/* End PBXGroup section */

/* Begin PBXNativeTarget section */
		3EF3783219C759D5005B08CE /* Postcard */ = {
			isa = PBXNativeTarget;
			buildConfigurationList = 3EF3785219C759D5005B08CE /* Build configuration list for PBXNativeTarget "Postcard" */;
			buildPhases = (
				3EF3782F19C759D5005B08CE /* Sources */,
				3EF3783019C759D5005B08CE /* Frameworks */,
				3EF3783119C759D5005B08CE /* Resources */,
			);
			buildRules = (
			);
			dependencies = (
			);
			name = Postcard;
			productName = Postcard;
			productReference = 3EF3783319C759D5005B08CE /* Postcard.app */;
			productType = "com.apple.product-type.application";
		};
		3EF3784719C759D5005B08CE /* PostcardTests */ = {
			isa = PBXNativeTarget;
			buildConfigurationList = 3EF3785519C759D5005B08CE /* Build configuration list for PBXNativeTarget "PostcardTests" */;
			buildPhases = (
				3EF3784419C759D5005B08CE /* Sources */,
				3EF3784519C759D5005B08CE /* Frameworks */,
				3EF3784619C759D5005B08CE /* Resources */,
			);
			buildRules = (
			);
			dependencies = (
				3EF3784A19C759D5005B08CE /* PBXTargetDependency */,
			);
			name = PostcardTests;
			productName = PostcardTests;
			productReference = 3EF3784819C759D5005B08CE /* PostcardTests.xctest */;
			productType = "com.apple.product-type.bundle.unit-test";
		};
/* End PBXNativeTarget section */

/* Begin PBXProject section */
		3EF3782B19C759D5005B08CE /* Project object */ = {
			isa = PBXProject;
			attributes = {
				LastUpgradeCheck = 0600;
				ORGANIZATIONNAME = "Justin Lamb";
				TargetAttributes = {
					3EF3783219C759D5005B08CE = {
						CreatedOnToolsVersion = 6.0;
					};
					3EF3784719C759D5005B08CE = {
						CreatedOnToolsVersion = 6.0;
						TestTargetID = 3EF3783219C759D5005B08CE;
					};
				};
			};
			buildConfigurationList = 3EF3782E19C759D5005B08CE /* Build configuration list for PBXProject "Postcard" */;
			compatibilityVersion = "Xcode 3.2";
			developmentRegion = English;
			hasScannedForEncodings = 0;
			knownRegions = (
				en,
				Base,
			);
			mainGroup = 3EF3782A19C759D5005B08CE;
			productRefGroup = 3EF3783419C759D5005B08CE /* Products */;
			projectDirPath = "";
			projectRoot = "";
			targets = (
				3EF3783219C759D5005B08CE /* Postcard */,
				3EF3784719C759D5005B08CE /* PostcardTests */,
			);
		};
/* End PBXProject section */

/* Begin PBXResourcesBuildPhase section */
		3EF3783119C759D5005B08CE /* Resources */ = {
			isa = PBXResourcesBuildPhase;
			buildActionMask = 2147483647;
			files = (
				3EF3785919C75F2E005B08CE /* cute-kitten-playing.jpg in Resources */,
				3EF3783E19C759D5005B08CE /* Main.storyboard in Resources */,
				3EF3785B19C76C40005B08CE /* einsteinstamp.jpg in Resources */,
				3EF3784319C759D5005B08CE /* LaunchScreen.xib in Resources */,
				3EF3784019C759D5005B08CE /* Images.xcassets in Resources */,
			);
			runOnlyForDeploymentPostprocessing = 0;
		};
		3EF3784619C759D5005B08CE /* Resources */ = {
			isa = PBXResourcesBuildPhase;
			buildActionMask = 2147483647;
			files = (
			);
			runOnlyForDeploymentPostprocessing = 0;
		};
/* End PBXResourcesBuildPhase section */

/* Begin PBXSourcesBuildPhase section */
		3EF3782F19C759D5005B08CE /* Sources */ = {
			isa = PBXSourcesBuildPhase;
			buildActionMask = 2147483647;
			files = (
				3EF3783B19C759D5005B08CE /* ViewController.swift in Sources */,
				3EF3783919C759D5005B08CE /* AppDelegate.swift in Sources */,
			);
			runOnlyForDeploymentPostprocessing = 0;
		};
		3EF3784419C759D5005B08CE /* Sources */ = {
			isa = PBXSourcesBuildPhase;
			buildActionMask = 2147483647;
			files = (
				3EF3784F19C759D5005B08CE /* PostcardTests.swift in Sources */,
			);
			runOnlyForDeploymentPostprocessing = 0;
		};
/* End PBXSourcesBuildPhase section */

/* Begin PBXTargetDependency section */
		3EF3784A19C759D5005B08CE /* PBXTargetDependency */ = {
			isa = PBXTargetDependency;
			target = 3EF3783219C759D5005B08CE /* Postcard */;
			targetProxy = 3EF3784919C759D5005B08CE /* PBXContainerItemProxy */;
		};
/* End PBXTargetDependency section */

/* Begin PBXVariantGroup section */
		3EF3783C19C759D5005B08CE /* Main.storyboard */ = {
			isa = PBXVariantGroup;
			children = (
				3EF3783D19C759D5005B08CE /* Base */,
			);
			name = Main.storyboard;
			sourceTree = "<group>";
		};
		3EF3784119C759D5005B08CE /* LaunchScreen.xib */ = {
			isa = PBXVariantGroup;
			children = (
				3EF3784219C759D5005B08CE /* Base */,
			);
			name = LaunchScreen.xib;
			sourceTree = "<group>";
		};
/* End PBXVariantGroup section */

/* Begin XCBuildConfiguration section */
		3EF3785019C759D5005B08CE /* Debug */ = {
			isa = XCBuildConfiguration;
			buildSettings = {
				ALWAYS_SEARCH_USER_PATHS = NO;
				CLANG_CXX_LANGUAGE_STANDARD = "gnu++0x";
				CLANG_CXX_LIBRARY = "libc++";
				CLANG_ENABLE_MODULES = YES;
				CLANG_ENABLE_OBJC_ARC = YES;
				CLANG_WARN_BOOL_CONVERSION = YES;
				CLANG_WARN_CONSTANT_CONVERSION = YES;
				CLANG_WARN_DIRECT_OBJC_ISA_USAGE = YES_ERROR;
				CLANG_WARN_EMPTY_BODY = YES;
				CLANG_WARN_ENUM_CONVERSION = YES;
				CLANG_WARN_INT_CONVERSION = YES;
				CLANG_WARN_OBJC_ROOT_CLASS = YES_ERROR;
				CLANG_WARN_UNREACHABLE_CODE = YES;
				CLANG_WARN__DUPLICATE_METHOD_MATCH = YES;
				"CODE_SIGN_IDENTITY[sdk=iphoneos*]" = "iPhone Developer";
				COPY_PHASE_STRIP = NO;
				ENABLE_STRICT_OBJC_MSGSEND = YES;
				GCC_C_LANGUAGE_STANDARD = gnu99;
				GCC_DYNAMIC_NO_PIC = NO;
				GCC_OPTIMIZATION_LEVEL = 0;
				GCC_PREPROCESSOR_DEFINITIONS = (
					"DEBUG=1",
					"$(inherited)",
				);
				GCC_SYMBOLS_PRIVATE_EXTERN = NO;
				GCC_WARN_64_TO_32_BIT_CONVERSION = YES;
				GCC_WARN_ABOUT_RETURN_TYPE = YES_ERROR;
				GCC_WARN_UNDECLARED_SELECTOR = YES;
				GCC_WARN_UNINITIALIZED_AUTOS = YES_AGGRESSIVE;
				GCC_WARN_UNUSED_FUNCTION = YES;
				GCC_WARN_UNUSED_VARIABLE = YES;
				IPHONEOS_DEPLOYMENT_TARGET = 8.0;
				MTL_ENABLE_DEBUG_INFO = YES;
				ONLY_ACTIVE_ARCH = YES;
				SDKROOT = iphoneos;
				SWIFT_OPTIMIZATION_LEVEL = "-Onone";
			};
			name = Debug;
		};
		3EF3785119C759D5005B08CE /* Release */ = {
			isa = XCBuildConfiguration;
			buildSettings = {
				ALWAYS_SEARCH_USER_PATHS = NO;
				CLANG_CXX_LANGUAGE_STANDARD = "gnu++0x";
				CLANG_CXX_LIBRARY = "libc++";
				CLANG_ENABLE_MODULES = YES;
				CLANG_ENABLE_OBJC_ARC = YES;
				CLANG_WARN_BOOL_CONVERSION = YES;
				CLANG_WARN_CONSTANT_CONVERSION = YES;
				CLANG_WARN_DIRECT_OBJC_ISA_USAGE = YES_ERROR;
				CLANG_WARN_EMPTY_BODY = YES;
				CLANG_WARN_ENUM_CONVERSION = YES;
				CLANG_WARN_INT_CONVERSION = YES;
				CLANG_WARN_OBJC_ROOT_CLASS = YES_ERROR;
				CLANG_WARN_UNREACHABLE_CODE = YES;
				CLANG_WARN__DUPLICATE_METHOD_MATCH = YES;
				"CODE_SIGN_IDENTITY[sdk=iphoneos*]" = "iPhone Developer";
				COPY_PHASE_STRIP = YES;
				ENABLE_NS_ASSERTIONS = NO;
				ENABLE_STRICT_OBJC_MSGSEND = YES;
				GCC_C_LANGUAGE_STANDARD = gnu99;
				GCC_WARN_64_TO_32_BIT_CONVERSION = YES;
				GCC_WARN_ABOUT_RETURN_TYPE = YES_ERROR;
				GCC_WARN_UNDECLARED_SELECTOR = YES;
				GCC_WARN_UNINITIALIZED_AUTOS = YES_AGGRESSIVE;
				GCC_WARN_UNUSED_FUNCTION = YES;
				GCC_WARN_UNUSED_VARIABLE = YES;
				IPHONEOS_DEPLOYMENT_TARGET = 8.0;
				MTL_ENABLE_DEBUG_INFO = NO;
				SDKROOT = iphoneos;
				VALIDATE_PRODUCT = YES;
			};
			name = Release;
		};
		3EF3785319C759D5005B08CE /* Debug */ = {
			isa = XCBuildConfiguration;
			buildSettings = {
				ASSETCATALOG_COMPILER_APPICON_NAME = AppIcon;
				INFOPLIST_FILE = Postcard/Info.plist;
				LD_RUNPATH_SEARCH_PATHS = "$(inherited) @executable_path/Frameworks";
				PRODUCT_NAME = "$(TARGET_NAME)";
			};
			name = Debug;
		};
		3EF3785419C759D5005B08CE /* Release */ = {
			isa = XCBuildConfiguration;
			buildSettings = {
				ASSETCATALOG_COMPILER_APPICON_NAME = AppIcon;
				INFOPLIST_FILE = Postcard/Info.plist;
				LD_RUNPATH_SEARCH_PATHS = "$(inherited) @executable_path/Frameworks";
				PRODUCT_NAME = "$(TARGET_NAME)";
			};
			name = Release;
		};
		3EF3785619C759D5005B08CE /* Debug */ = {
			isa = XCBuildConfiguration;
			buildSettings = {
				BUNDLE_LOADER = "$(TEST_HOST)";
				FRAMEWORK_SEARCH_PATHS = (
					"$(SDKROOT)/Developer/Library/Frameworks",
					"$(inherited)",
				);
				GCC_PREPROCESSOR_DEFINITIONS = (
					"DEBUG=1",
					"$(inherited)",
				);
				INFOPLIST_FILE = PostcardTests/Info.plist;
				LD_RUNPATH_SEARCH_PATHS = "$(inherited) @executable_path/Frameworks @loader_path/Frameworks";
				PRODUCT_NAME = "$(TARGET_NAME)";
				TEST_HOST = "$(BUILT_PRODUCTS_DIR)/Postcard.app/Postcard";
			};
			name = Debug;
		};
		3EF3785719C759D5005B08CE /* Release */ = {
			isa = XCBuildConfiguration;
			buildSettings = {
				BUNDLE_LOADER = "$(TEST_HOST)";
				FRAMEWORK_SEARCH_PATHS = (
					"$(SDKROOT)/Developer/Library/Frameworks",
					"$(inherited)",
				);
				INFOPLIST_FILE = PostcardTests/Info.plist;
				LD_RUNPATH_SEARCH_PATHS = "$(inherited) @executable_path/Frameworks @loader_path/Frameworks";
				PRODUCT_NAME = "$(TARGET_NAME)";
				TEST_HOST = "$(BUILT_PRODUCTS_DIR)/Postcard.app/Postcard";
			};
			name = Release;
		};
/* End XCBuildConfiguration section */

/* Begin XCConfigurationList section */
		3EF3782E19C759D5005B08CE /* Build configuration list for PBXProject "Postcard" */ = {
			isa = XCConfigurationList;
			buildConfigurations = (
				3EF3785019C759D5005B08CE /* Debug */,
				3EF3785119C759D5005B08CE /* Release */,
			);
			defaultConfigurationIsVisible = 0;
			defaultConfigurationName = Release;
		};
		3EF3785219C759D5005B08CE /* Build configuration list for PBXNativeTarget "Postcard" */ = {
			isa = XCConfigurationList;
			buildConfigurations = (
				3EF3785319C759D5005B08CE /* Debug */,
				3EF3785419C759D5005B08CE /* Release */,
			);
			defaultConfigurationIsVisible = 0;
		};
		3EF3785519C759D5005B08CE /* Build configuration list for PBXNativeTarget "PostcardTests" */ = {
			isa = XCConfigurationList;
			buildConfigurations = (
				3EF3785619C759D5005B08CE /* Debug */,
				3EF3785719C759D5005B08CE /* Release */,
			);
			defaultConfigurationIsVisible = 0;
		};
/* End XCConfigurationList section */
	};
	rootObject = 3EF3782B19C759D5005B08CE /* Project object */;
}
